
Microsoft Visual Studio Solution File, Format Version 12.00
# Visual Studio Version 17
VisualStudioVersion = 17.8.34330.188
MinimumVisualStudioVersion = 10.0.40219.1
Project("{FAE04EC0-301F-11D3-BF4B-00C04F79EFBC}") = "Zavrsna Aplikacija", "Zavrsna Aplikacija\Zavrsna Aplikacija.csproj", "{02F48426-25BD-45A5-A964-03EED00CCDDB}"
EndProject
Global
	GlobalSection(SolutionConfigurationPlatforms) = preSolution
		Debug|Any CPU = Debug|Any CPU
		Release|Any CPU = Release|Any CPU
	EndGlobalSection
	GlobalSection(ProjectConfigurationPlatforms) = postSolution
		{02F48426-25BD-45A5-A964-03EED00CCDDB}.Debug|Any CPU.ActiveCfg = Debug|Any CPU
		{02F48426-25BD-45A5-A964-03EED00CCDDB}.Debug|Any CPU.Build.0 = Debug|Any CPU
		{02F48426-25BD-45A5-A964-03EED00CCDDB}.Release|Any CPU.ActiveCfg = Release|Any CPU
		{02F48426-25BD-45A5-A964-03EED00CCDDB}.Release|Any CPU.Build.0 = Release|Any CPU
	EndGlobalSection
	GlobalSection(SolutionProperties) = preSolution
		HideSolutionNode = FALSE
	EndGlobalSection
	GlobalSection(ExtensibilityGlobals) = postSolution
		SolutionGuid = {A87D04FF-24B3-406E-8DEC-B9603983FC1C}
	EndGlobalSection
EndGlobal
